
Microsoft Visual Studio Solution File, Format Version 12.00
# Visual Studio Version 17
VisualStudioVersion = 17.9.34728.123
MinimumVisualStudioVersion = 10.0.40219.1
Project("{FAE04EC0-301F-11D3-BF4B-00C04F79EFBC}") = "increption_Image_ConsoleApp", "increption_Image_ConsoleApp.csproj", "{0980F51A-F068-42C6-A932-ED7EF9BEE4BD}"
EndProject
Global
	GlobalSection(SolutionConfigurationPlatforms) = preSolution
		Debug|Any CPU = Debug|Any CPU
		Release|Any CPU = Release|Any CPU
	EndGlobalSection
	GlobalSection(ProjectConfigurationPlatforms) = postSolution
		{0980F51A-F068-42C6-A932-ED7EF9BEE4BD}.Debug|Any CPU.ActiveCfg = Debug|Any CPU
		{0980F51A-F068-42C6-A932-ED7EF9BEE4BD}.Debug|Any CPU.Build.0 = Debug|Any CPU
		{0980F51A-F068-42C6-A932-ED7EF9BEE4BD}.Release|Any CPU.ActiveCfg = Release|Any CPU
		{0980F51A-F068-42C6-A932-ED7EF9BEE4BD}.Release|Any CPU.Build.0 = Release|Any CPU
	EndGlobalSection
	GlobalSection(SolutionProperties) = preSolution
		HideSolutionNode = FALSE
	EndGlobalSection
	GlobalSection(ExtensibilityGlobals) = postSolution
		SolutionGuid = {6C3BFFCC-C041-447A-82DC-9CF12A274E75}
	EndGlobalSection
EndGlobal
