
Microsoft Visual Studio Solution File, Format Version 12.00
# Visual Studio Version 17
VisualStudioVersion = 17.10.34814.14
MinimumVisualStudioVersion = 10.0.40219.1
Project("{FAE04EC0-301F-11D3-BF4B-00C04F79EFBC}") = "NullableValues_ConsoleApp", "NullableValues_ConsoleApp.csproj", "{FAA73076-373A-471E-82F9-D2CA4319B566}"
EndProject
Global
	GlobalSection(SolutionConfigurationPlatforms) = preSolution
		Debug|Any CPU = Debug|Any CPU
		Release|Any CPU = Release|Any CPU
	EndGlobalSection
	GlobalSection(ProjectConfigurationPlatforms) = postSolution
		{FAA73076-373A-471E-82F9-D2CA4319B566}.Debug|Any CPU.ActiveCfg = Debug|Any CPU
		{FAA73076-373A-471E-82F9-D2CA4319B566}.Debug|Any CPU.Build.0 = Debug|Any CPU
		{FAA73076-373A-471E-82F9-D2CA4319B566}.Release|Any CPU.ActiveCfg = Release|Any CPU
		{FAA73076-373A-471E-82F9-D2CA4319B566}.Release|Any CPU.Build.0 = Release|Any CPU
	EndGlobalSection
	GlobalSection(SolutionProperties) = preSolution
		HideSolutionNode = FALSE
	EndGlobalSection
	GlobalSection(ExtensibilityGlobals) = postSolution
		SolutionGuid = {098B17A2-42F8-4282-B988-AB5AFBAB6D67}
	EndGlobalSection
EndGlobal
