
Microsoft Visual Studio Solution File, Format Version 12.00
# Visual Studio Version 17
VisualStudioVersion = 17.9.34728.123
MinimumVisualStudioVersion = 10.0.40219.1
Project("{FAE04EC0-301F-11D3-BF4B-00C04F79EFBC}") = "Asyncornus_Task_Class_ConsoleApp", "Asyncornus_Task_Class_ConsoleApp.csproj", "{B54FD21E-DECB-4C17-BFD1-CF845E6A714C}"
EndProject
Global
	GlobalSection(SolutionConfigurationPlatforms) = preSolution
		Debug|Any CPU = Debug|Any CPU
		Release|Any CPU = Release|Any CPU
	EndGlobalSection
	GlobalSection(ProjectConfigurationPlatforms) = postSolution
		{B54FD21E-DECB-4C17-BFD1-CF845E6A714C}.Debug|Any CPU.ActiveCfg = Debug|Any CPU
		{B54FD21E-DECB-4C17-BFD1-CF845E6A714C}.Debug|Any CPU.Build.0 = Debug|Any CPU
		{B54FD21E-DECB-4C17-BFD1-CF845E6A714C}.Release|Any CPU.ActiveCfg = Release|Any CPU
		{B54FD21E-DECB-4C17-BFD1-CF845E6A714C}.Release|Any CPU.Build.0 = Release|Any CPU
	EndGlobalSection
	GlobalSection(SolutionProperties) = preSolution
		HideSolutionNode = FALSE
	EndGlobalSection
	GlobalSection(ExtensibilityGlobals) = postSolution
		SolutionGuid = {0A9B2ABE-BB6E-4312-82BB-2152ACEDDE0A}
	EndGlobalSection
EndGlobal
