
Microsoft Visual Studio Solution File, Format Version 12.00
# Visual Studio Version 17
VisualStudioVersion = 17.9.34728.123
MinimumVisualStudioVersion = 10.0.40219.1
Project("{FAE04EC0-301F-11D3-BF4B-00C04F79EFBC}") = "stringBuilder_ConsoleApp", "stringBuilder_ConsoleApp.csproj", "{55A1B678-484A-450B-8ED5-70367B47745D}"
EndProject
Global
	GlobalSection(SolutionConfigurationPlatforms) = preSolution
		Debug|Any CPU = Debug|Any CPU
		Release|Any CPU = Release|Any CPU
	EndGlobalSection
	GlobalSection(ProjectConfigurationPlatforms) = postSolution
		{55A1B678-484A-450B-8ED5-70367B47745D}.Debug|Any CPU.ActiveCfg = Debug|Any CPU
		{55A1B678-484A-450B-8ED5-70367B47745D}.Debug|Any CPU.Build.0 = Debug|Any CPU
		{55A1B678-484A-450B-8ED5-70367B47745D}.Release|Any CPU.ActiveCfg = Release|Any CPU
		{55A1B678-484A-450B-8ED5-70367B47745D}.Release|Any CPU.Build.0 = Release|Any CPU
	EndGlobalSection
	GlobalSection(SolutionProperties) = preSolution
		HideSolutionNode = FALSE
	EndGlobalSection
	GlobalSection(ExtensibilityGlobals) = postSolution
		SolutionGuid = {1959C332-F54A-4840-A52D-B727F471B8A7}
	EndGlobalSection
EndGlobal
