
Microsoft Visual Studio Solution File, Format Version 12.00
# Visual Studio Version 17
VisualStudioVersion = 17.10.34814.14
MinimumVisualStudioVersion = 10.0.40219.1
Project("{FAE04EC0-301F-11D3-BF4B-00C04F79EFBC}") = "SutomAttributesForValidation_ConsoleApp", "SutomAttributesForValidation_ConsoleApp.csproj", "{5CC0B602-583C-40FB-8B4B-CEC9AA0B7861}"
EndProject
Global
	GlobalSection(SolutionConfigurationPlatforms) = preSolution
		Debug|Any CPU = Debug|Any CPU
		Release|Any CPU = Release|Any CPU
	EndGlobalSection
	GlobalSection(ProjectConfigurationPlatforms) = postSolution
		{5CC0B602-583C-40FB-8B4B-CEC9AA0B7861}.Debug|Any CPU.ActiveCfg = Debug|Any CPU
		{5CC0B602-583C-40FB-8B4B-CEC9AA0B7861}.Debug|Any CPU.Build.0 = Debug|Any CPU
		{5CC0B602-583C-40FB-8B4B-CEC9AA0B7861}.Release|Any CPU.ActiveCfg = Release|Any CPU
		{5CC0B602-583C-40FB-8B4B-CEC9AA0B7861}.Release|Any CPU.Build.0 = Release|Any CPU
	EndGlobalSection
	GlobalSection(SolutionProperties) = preSolution
		HideSolutionNode = FALSE
	EndGlobalSection
	GlobalSection(ExtensibilityGlobals) = postSolution
		SolutionGuid = {D35A92D5-0362-4D92-9A44-AC7807B6E250}
	EndGlobalSection
EndGlobal
