
Microsoft Visual Studio Solution File, Format Version 12.00
# Visual Studio Version 17
VisualStudioVersion = 17.10.34804.81
MinimumVisualStudioVersion = 10.0.40219.1
Project("{FAE04EC0-301F-11D3-BF4B-00C04F79EFBC}") = "EventWithArgs", "EventWithArgs.csproj", "{BA17C5D7-5878-4F67-B612-623A0B57B183}"
EndProject
Global
	GlobalSection(SolutionConfigurationPlatforms) = preSolution
		Debug|Any CPU = Debug|Any CPU
		Release|Any CPU = Release|Any CPU
	EndGlobalSection
	GlobalSection(ProjectConfigurationPlatforms) = postSolution
		{BA17C5D7-5878-4F67-B612-623A0B57B183}.Debug|Any CPU.ActiveCfg = Debug|Any CPU
		{BA17C5D7-5878-4F67-B612-623A0B57B183}.Debug|Any CPU.Build.0 = Debug|Any CPU
		{BA17C5D7-5878-4F67-B612-623A0B57B183}.Release|Any CPU.ActiveCfg = Release|Any CPU
		{BA17C5D7-5878-4F67-B612-623A0B57B183}.Release|Any CPU.Build.0 = Release|Any CPU
	EndGlobalSection
	GlobalSection(SolutionProperties) = preSolution
		HideSolutionNode = FALSE
	EndGlobalSection
	GlobalSection(ExtensibilityGlobals) = postSolution
		SolutionGuid = {2CB8E18A-99B5-4514-BEA2-9A99A6A9A85E}
	EndGlobalSection
EndGlobal
