
Microsoft Visual Studio Solution File, Format Version 12.00
# Visual Studio Version 17
VisualStudioVersion = 17.10.34814.14
MinimumVisualStudioVersion = 10.0.40219.1
Project("{FAE04EC0-301F-11D3-BF4B-00C04F79EFBC}") = "Action_Delegate_ConsoleApp", "Action_Delegate_ConsoleApp.csproj", "{A6352831-07AF-4ED2-B4EB-3A55D7F6C751}"
EndProject
Global
	GlobalSection(SolutionConfigurationPlatforms) = preSolution
		Debug|Any CPU = Debug|Any CPU
		Release|Any CPU = Release|Any CPU
	EndGlobalSection
	GlobalSection(ProjectConfigurationPlatforms) = postSolution
		{A6352831-07AF-4ED2-B4EB-3A55D7F6C751}.Debug|Any CPU.ActiveCfg = Debug|Any CPU
		{A6352831-07AF-4ED2-B4EB-3A55D7F6C751}.Debug|Any CPU.Build.0 = Debug|Any CPU
		{A6352831-07AF-4ED2-B4EB-3A55D7F6C751}.Release|Any CPU.ActiveCfg = Release|Any CPU
		{A6352831-07AF-4ED2-B4EB-3A55D7F6C751}.Release|Any CPU.Build.0 = Release|Any CPU
	EndGlobalSection
	GlobalSection(SolutionProperties) = preSolution
		HideSolutionNode = FALSE
	EndGlobalSection
	GlobalSection(ExtensibilityGlobals) = postSolution
		SolutionGuid = {22C68D07-3410-40EA-9BF4-DF6AC262F144}
	EndGlobalSection
EndGlobal
