
Microsoft Visual Studio Solution File, Format Version 12.00
# Visual Studio Version 17
VisualStudioVersion = 17.9.34728.123
MinimumVisualStudioVersion = 10.0.40219.1
Project("{FAE04EC0-301F-11D3-BF4B-00C04F79EFBC}") = "multy_threading_ConsoleApp", "multy_threading_ConsoleApp.csproj", "{B04E5370-E688-46C4-AF46-11F0B4F13357}"
EndProject
Global
	GlobalSection(SolutionConfigurationPlatforms) = preSolution
		Debug|Any CPU = Debug|Any CPU
		Release|Any CPU = Release|Any CPU
	EndGlobalSection
	GlobalSection(ProjectConfigurationPlatforms) = postSolution
		{B04E5370-E688-46C4-AF46-11F0B4F13357}.Debug|Any CPU.ActiveCfg = Debug|Any CPU
		{B04E5370-E688-46C4-AF46-11F0B4F13357}.Debug|Any CPU.Build.0 = Debug|Any CPU
		{B04E5370-E688-46C4-AF46-11F0B4F13357}.Release|Any CPU.ActiveCfg = Release|Any CPU
		{B04E5370-E688-46C4-AF46-11F0B4F13357}.Release|Any CPU.Build.0 = Release|Any CPU
	EndGlobalSection
	GlobalSection(SolutionProperties) = preSolution
		HideSolutionNode = FALSE
	EndGlobalSection
	GlobalSection(ExtensibilityGlobals) = postSolution
		SolutionGuid = {F1011348-F161-4871-AFD0-5CED6D6D7E7B}
	EndGlobalSection
EndGlobal
