
Microsoft Visual Studio Solution File, Format Version 12.00
# Visual Studio Version 17
VisualStudioVersion = 17.10.34814.14
MinimumVisualStudioVersion = 10.0.40219.1
Project("{FAE04EC0-301F-11D3-BF4B-00C04F79EFBC}") = "Predicate_Delegate_ConsoleApp", "Predicate_Delegate_ConsoleApp.csproj", "{0C76C20F-8398-426A-96AE-32ED388D4578}"
EndProject
Global
	GlobalSection(SolutionConfigurationPlatforms) = preSolution
		Debug|Any CPU = Debug|Any CPU
		Release|Any CPU = Release|Any CPU
	EndGlobalSection
	GlobalSection(ProjectConfigurationPlatforms) = postSolution
		{0C76C20F-8398-426A-96AE-32ED388D4578}.Debug|Any CPU.ActiveCfg = Debug|Any CPU
		{0C76C20F-8398-426A-96AE-32ED388D4578}.Debug|Any CPU.Build.0 = Debug|Any CPU
		{0C76C20F-8398-426A-96AE-32ED388D4578}.Release|Any CPU.ActiveCfg = Release|Any CPU
		{0C76C20F-8398-426A-96AE-32ED388D4578}.Release|Any CPU.Build.0 = Release|Any CPU
	EndGlobalSection
	GlobalSection(SolutionProperties) = preSolution
		HideSolutionNode = FALSE
	EndGlobalSection
	GlobalSection(ExtensibilityGlobals) = postSolution
		SolutionGuid = {1E8C2AAB-5544-49A0-BC06-6194C59CE52A}
	EndGlobalSection
EndGlobal
