
Microsoft Visual Studio Solution File, Format Version 12.00
# Visual Studio Version 17
VisualStudioVersion = 17.9.34728.123
MinimumVisualStudioVersion = 10.0.40219.1
Project("{FAE04EC0-301F-11D3-BF4B-00C04F79EFBC}") = "ExtentionMethods_ConsoleApp", "ExtentionMethods_ConsoleApp.csproj", "{155F2050-3F05-4AE2-901E-634A20074FD2}"
EndProject
Global
	GlobalSection(SolutionConfigurationPlatforms) = preSolution
		Debug|Any CPU = Debug|Any CPU
		Release|Any CPU = Release|Any CPU
	EndGlobalSection
	GlobalSection(ProjectConfigurationPlatforms) = postSolution
		{155F2050-3F05-4AE2-901E-634A20074FD2}.Debug|Any CPU.ActiveCfg = Debug|Any CPU
		{155F2050-3F05-4AE2-901E-634A20074FD2}.Debug|Any CPU.Build.0 = Debug|Any CPU
		{155F2050-3F05-4AE2-901E-634A20074FD2}.Release|Any CPU.ActiveCfg = Release|Any CPU
		{155F2050-3F05-4AE2-901E-634A20074FD2}.Release|Any CPU.Build.0 = Release|Any CPU
	EndGlobalSection
	GlobalSection(SolutionProperties) = preSolution
		HideSolutionNode = FALSE
	EndGlobalSection
	GlobalSection(ExtensibilityGlobals) = postSolution
		SolutionGuid = {3448E20E-E83F-4E39-A3E3-B24CAB125320}
	EndGlobalSection
EndGlobal
