
Microsoft Visual Studio Solution File, Format Version 12.00
# Visual Studio Version 17
VisualStudioVersion = 17.10.34814.14
MinimumVisualStudioVersion = 10.0.40219.1
Project("{FAE04EC0-301F-11D3-BF4B-00C04F79EFBC}") = "Serilaization_(XML)_ConsoleApp", "Serilaization_(XML)_ConsoleApp.csproj", "{233C64CA-00DB-47F5-B6D8-00FBFF6CFACB}"
EndProject
Global
	GlobalSection(SolutionConfigurationPlatforms) = preSolution
		Debug|Any CPU = Debug|Any CPU
		Release|Any CPU = Release|Any CPU
	EndGlobalSection
	GlobalSection(ProjectConfigurationPlatforms) = postSolution
		{233C64CA-00DB-47F5-B6D8-00FBFF6CFACB}.Debug|Any CPU.ActiveCfg = Debug|Any CPU
		{233C64CA-00DB-47F5-B6D8-00FBFF6CFACB}.Debug|Any CPU.Build.0 = Debug|Any CPU
		{233C64CA-00DB-47F5-B6D8-00FBFF6CFACB}.Release|Any CPU.ActiveCfg = Release|Any CPU
		{233C64CA-00DB-47F5-B6D8-00FBFF6CFACB}.Release|Any CPU.Build.0 = Release|Any CPU
	EndGlobalSection
	GlobalSection(SolutionProperties) = preSolution
		HideSolutionNode = FALSE
	EndGlobalSection
	GlobalSection(ExtensibilityGlobals) = postSolution
		SolutionGuid = {6903C1E4-8CF8-4FA4-8601-88E4DC42944A}
	EndGlobalSection
EndGlobal
