
Microsoft Visual Studio Solution File, Format Version 12.00
# Visual Studio Version 17
VisualStudioVersion = 17.9.34728.123
MinimumVisualStudioVersion = 10.0.40219.1
Project("{FAE04EC0-301F-11D3-BF4B-00C04F79EFBC}") = "Custom_Controls_WindowsFormsApp", "Custom_Controls_WindowsFormsApp.csproj", "{080FC3DB-6806-4F82-88E2-637ABB9D9718}"
EndProject
Global
	GlobalSection(SolutionConfigurationPlatforms) = preSolution
		Debug|Any CPU = Debug|Any CPU
		Release|Any CPU = Release|Any CPU
	EndGlobalSection
	GlobalSection(ProjectConfigurationPlatforms) = postSolution
		{080FC3DB-6806-4F82-88E2-637ABB9D9718}.Debug|Any CPU.ActiveCfg = Debug|Any CPU
		{080FC3DB-6806-4F82-88E2-637ABB9D9718}.Debug|Any CPU.Build.0 = Debug|Any CPU
		{080FC3DB-6806-4F82-88E2-637ABB9D9718}.Release|Any CPU.ActiveCfg = Release|Any CPU
		{080FC3DB-6806-4F82-88E2-637ABB9D9718}.Release|Any CPU.Build.0 = Release|Any CPU
	EndGlobalSection
	GlobalSection(SolutionProperties) = preSolution
		HideSolutionNode = FALSE
	EndGlobalSection
	GlobalSection(ExtensibilityGlobals) = postSolution
		SolutionGuid = {466F7596-1441-46AE-80C5-61296FDF6E8F}
	EndGlobalSection
EndGlobal
