
Microsoft Visual Studio Solution File, Format Version 12.00
# Visual Studio Version 17
VisualStudioVersion = 17.10.34814.14
MinimumVisualStudioVersion = 10.0.40219.1
Project("{FAE04EC0-301F-11D3-BF4B-00C04F79EFBC}") = "Sereilization_(JSON)_ConsoleApp", "Sereilization_(JSON)_ConsoleApp.csproj", "{092D01D2-2D1A-4EC5-802A-347F157EA402}"
EndProject
Global
	GlobalSection(SolutionConfigurationPlatforms) = preSolution
		Debug|Any CPU = Debug|Any CPU
		Release|Any CPU = Release|Any CPU
	EndGlobalSection
	GlobalSection(ProjectConfigurationPlatforms) = postSolution
		{092D01D2-2D1A-4EC5-802A-347F157EA402}.Debug|Any CPU.ActiveCfg = Debug|Any CPU
		{092D01D2-2D1A-4EC5-802A-347F157EA402}.Debug|Any CPU.Build.0 = Debug|Any CPU
		{092D01D2-2D1A-4EC5-802A-347F157EA402}.Release|Any CPU.ActiveCfg = Release|Any CPU
		{092D01D2-2D1A-4EC5-802A-347F157EA402}.Release|Any CPU.Build.0 = Release|Any CPU
	EndGlobalSection
	GlobalSection(SolutionProperties) = preSolution
		HideSolutionNode = FALSE
	EndGlobalSection
	GlobalSection(ExtensibilityGlobals) = postSolution
		SolutionGuid = {5156B515-8ECF-4278-8EC5-E172600647CD}
	EndGlobalSection
EndGlobal
