
Microsoft Visual Studio Solution File, Format Version 12.00
# Visual Studio Version 17
VisualStudioVersion = 17.10.34814.14
MinimumVisualStudioVersion = 10.0.40219.1
Project("{FAE04EC0-301F-11D3-BF4B-00C04F79EFBC}") = "OrderNotifications(Events)_ConsoleApp", "OrderNotifications(Events)_ConsoleApp.csproj", "{976113C2-5F20-4F77-89FE-851B2C2CC1CF}"
EndProject
Global
	GlobalSection(SolutionConfigurationPlatforms) = preSolution
		Debug|Any CPU = Debug|Any CPU
		Release|Any CPU = Release|Any CPU
	EndGlobalSection
	GlobalSection(ProjectConfigurationPlatforms) = postSolution
		{976113C2-5F20-4F77-89FE-851B2C2CC1CF}.Debug|Any CPU.ActiveCfg = Debug|Any CPU
		{976113C2-5F20-4F77-89FE-851B2C2CC1CF}.Debug|Any CPU.Build.0 = Debug|Any CPU
		{976113C2-5F20-4F77-89FE-851B2C2CC1CF}.Release|Any CPU.ActiveCfg = Release|Any CPU
		{976113C2-5F20-4F77-89FE-851B2C2CC1CF}.Release|Any CPU.Build.0 = Release|Any CPU
	EndGlobalSection
	GlobalSection(SolutionProperties) = preSolution
		HideSolutionNode = FALSE
	EndGlobalSection
	GlobalSection(ExtensibilityGlobals) = postSolution
		SolutionGuid = {E1AE39C5-1CB7-4BB9-AFD7-AF49F120848A}
	EndGlobalSection
EndGlobal
