
Microsoft Visual Studio Solution File, Format Version 12.00
# Visual Studio Version 17
VisualStudioVersion = 17.10.34814.14
MinimumVisualStudioVersion = 10.0.40219.1
Project("{FAE04EC0-301F-11D3-BF4B-00C04F79EFBC}") = "MultyCastDelegate_ConsoleApp", "MultyCastDelegate_ConsoleApp.csproj", "{00738122-DD3B-4F18-9BAB-CE6ED1689742}"
EndProject
Global
	GlobalSection(SolutionConfigurationPlatforms) = preSolution
		Debug|Any CPU = Debug|Any CPU
		Release|Any CPU = Release|Any CPU
	EndGlobalSection
	GlobalSection(ProjectConfigurationPlatforms) = postSolution
		{00738122-DD3B-4F18-9BAB-CE6ED1689742}.Debug|Any CPU.ActiveCfg = Debug|Any CPU
		{00738122-DD3B-4F18-9BAB-CE6ED1689742}.Debug|Any CPU.Build.0 = Debug|Any CPU
		{00738122-DD3B-4F18-9BAB-CE6ED1689742}.Release|Any CPU.ActiveCfg = Release|Any CPU
		{00738122-DD3B-4F18-9BAB-CE6ED1689742}.Release|Any CPU.Build.0 = Release|Any CPU
	EndGlobalSection
	GlobalSection(SolutionProperties) = preSolution
		HideSolutionNode = FALSE
	EndGlobalSection
	GlobalSection(ExtensibilityGlobals) = postSolution
		SolutionGuid = {670D93FA-2A61-4366-A37D-F647659B9C24}
	EndGlobalSection
EndGlobal
